
Microsoft Visual Studio Solution File, Format Version 12.00
# Visual Studio Version 17
VisualStudioVersion = 17.4.33213.308
MinimumVisualStudioVersion = 10.0.40219.1
Project("{9A19103F-16F7-4668-BE54-9A1E7A4F7556}") = "Prakt 3 C sharp", "Prakt 3 C sharp\Prakt 3 C sharp.csproj", "{8D0FDC99-43EF-42AA-85CE-43B35FD9DF8B}"
EndProject
Project("{FAE04EC0-301F-11D3-BF4B-00C04F79EFBC}") = "Prakt 3 C sharp 2zad", "Prakt 3 C sharp 2zad\Prakt 3 C sharp 2zad.csproj", "{7937C0A0-15B7-4FBB-B0C2-EA7A4B30DC76}"
EndProject
Project("{FAE04EC0-301F-11D3-BF4B-00C04F79EFBC}") = "Prakt 3 C sharp 3zad", "Prakt 3 C sharp 3zad\Prakt 3 C sharp 3zad.csproj", "{A93BE775-8B42-42C9-B7B9-BEA3ADF20480}"
EndProject
Project("{FAE04EC0-301F-11D3-BF4B-00C04F79EFBC}") = "Prakt 3 C sharp 4zad", "Prakt 3 C sharp 4zad\Prakt 3 C sharp 4zad.csproj", "{7A108EA9-EB88-42DD-AFAF-D937CE80F27D}"
EndProject
Global
	GlobalSection(SolutionConfigurationPlatforms) = preSolution
		Debug|Any CPU = Debug|Any CPU
		Release|Any CPU = Release|Any CPU
	EndGlobalSection
	GlobalSection(ProjectConfigurationPlatforms) = postSolution
		{8D0FDC99-43EF-42AA-85CE-43B35FD9DF8B}.Debug|Any CPU.ActiveCfg = Debug|Any CPU
		{8D0FDC99-43EF-42AA-85CE-43B35FD9DF8B}.Debug|Any CPU.Build.0 = Debug|Any CPU
		{8D0FDC99-43EF-42AA-85CE-43B35FD9DF8B}.Release|Any CPU.ActiveCfg = Release|Any CPU
		{8D0FDC99-43EF-42AA-85CE-43B35FD9DF8B}.Release|Any CPU.Build.0 = Release|Any CPU
		{7937C0A0-15B7-4FBB-B0C2-EA7A4B30DC76}.Debug|Any CPU.ActiveCfg = Debug|Any CPU
		{7937C0A0-15B7-4FBB-B0C2-EA7A4B30DC76}.Debug|Any CPU.Build.0 = Debug|Any CPU
		{7937C0A0-15B7-4FBB-B0C2-EA7A4B30DC76}.Release|Any CPU.ActiveCfg = Release|Any CPU
		{7937C0A0-15B7-4FBB-B0C2-EA7A4B30DC76}.Release|Any CPU.Build.0 = Release|Any CPU
		{A93BE775-8B42-42C9-B7B9-BEA3ADF20480}.Debug|Any CPU.ActiveCfg = Debug|Any CPU
		{A93BE775-8B42-42C9-B7B9-BEA3ADF20480}.Debug|Any CPU.Build.0 = Debug|Any CPU
		{A93BE775-8B42-42C9-B7B9-BEA3ADF20480}.Release|Any CPU.ActiveCfg = Release|Any CPU
		{A93BE775-8B42-42C9-B7B9-BEA3ADF20480}.Release|Any CPU.Build.0 = Release|Any CPU
		{7A108EA9-EB88-42DD-AFAF-D937CE80F27D}.Debug|Any CPU.ActiveCfg = Debug|Any CPU
		{7A108EA9-EB88-42DD-AFAF-D937CE80F27D}.Debug|Any CPU.Build.0 = Debug|Any CPU
		{7A108EA9-EB88-42DD-AFAF-D937CE80F27D}.Release|Any CPU.ActiveCfg = Release|Any CPU
		{7A108EA9-EB88-42DD-AFAF-D937CE80F27D}.Release|Any CPU.Build.0 = Release|Any CPU
	EndGlobalSection
	GlobalSection(SolutionProperties) = preSolution
		HideSolutionNode = FALSE
	EndGlobalSection
	GlobalSection(ExtensibilityGlobals) = postSolution
		SolutionGuid = {783CD749-F7C6-4500-ADC2-1F901837309C}
	EndGlobalSection
EndGlobal
